// !$*UTF8*$!
{
	archiveVersion = 1;
	classes = {
	};
	objectVersion = 56;
	objects = {

/* Begin PBXBuildFile section */
		64AA17802FDE905F00FC0B91 /* error.png in Resources */ = {isa = PBXBuildFile; fileRef = 64AA177F2FDE905F00FC0B91 /* error.png */; };
		7A1000010000000000000001 /* RunpamineApp.swift in Sources */ = {isa = PBXBuildFile; fileRef = 7A1000010000000000000101 /* RunpamineApp.swift */; };
		7A1000010000000000000002 /* SplashView.swift in Sources */ = {isa = PBXBuildFile; fileRef = 7A1000010000000000000102 /* SplashView.swift */; };
		7A1000010000000000000003 /* RunpamineLogoView.swift in Sources */ = {isa = PBXBuildFile; fileRef = 7A1000010000000000000103 /* RunpamineLogoView.swift */; };
		7A1000010000000000000004 /* AppTheme.swift in Sources */ = {isa = PBXBuildFile; fileRef = 7A1000010000000000000104 /* AppTheme.swift */; };
		7A1000010000000000000005 /* LoginView.swift in Sources */ = {isa = PBXBuildFile; fileRef = 7A1000010000000000000105 /* LoginView.swift */; };
		7A1000010000000000000006 /* LoginViewModel.swift in Sources */ = {isa = PBXBuildFile; fileRef = 7A1000010000000000000106 /* LoginViewModel.swift */; };
		7A1000010000000000000007 /* GoogleLoginButton.swift in Sources */ = {isa = PBXBuildFile; fileRef = 7A1000010000000000000107 /* GoogleLoginButton.swift */; };
		7A1000010000000000000008 /* AppLogoView.swift in Sources */ = {isa = PBXBuildFile; fileRef = 7A1000010000000000000108 /* AppLogoView.swift */; };
		7A1000010000000000000009 /* AuthModels.swift in Sources */ = {isa = PBXBuildFile; fileRef = 7A1000010000000000000109 /* AuthModels.swift */; };
		7A100001000000000000000A /* AuthService.swift in Sources */ = {isa = PBXBuildFile; fileRef = 7A100001000000000000010A /* AuthService.swift */; };
		7A100001000000000000000B /* RootView.swift in Sources */ = {isa = PBXBuildFile; fileRef = 7A100001000000000000010B /* RootView.swift */; };
		7A100001000000000000000C /* HomeView.swift in Sources */ = {isa = PBXBuildFile; fileRef = 7A100001000000000000010C /* HomeView.swift */; };
		7A100001000000000000000D /* HomeMapView.swift in Sources */ = {isa = PBXBuildFile; fileRef = 7A100001000000000000010D /* HomeMapView.swift */; };
		7A100001000000000000000E /* MainTabView.swift in Sources */ = {isa = PBXBuildFile; fileRef = 7A100001000000000000010E /* MainTabView.swift */; };
		7A100001000000000000000F /* AppTabBar.swift in Sources */ = {isa = PBXBuildFile; fileRef = 7A100001000000000000010F /* AppTabBar.swift */; };
		7A1000010000000000000010 /* TeamModels.swift in Sources */ = {isa = PBXBuildFile; fileRef = 7A1000010000000000000110 /* TeamModels.swift */; };
		7A1000010000000000000011 /* TermsAgreementView.swift in Sources */ = {isa = PBXBuildFile; fileRef = 7A1000010000000000000111 /* TermsAgreementView.swift */; };
		7A1000010000000000000012 /* TermsAgreementViewModel.swift in Sources */ = {isa = PBXBuildFile; fileRef = 7A1000010000000000000112 /* TermsAgreementViewModel.swift */; };
		7A1000010000000000000013 /* AgreementRow.swift in Sources */ = {isa = PBXBuildFile; fileRef = 7A1000010000000000000113 /* AgreementRow.swift */; };
		7A1000010000000000000014 /* PrimaryButton.swift in Sources */ = {isa = PBXBuildFile; fileRef = 7A1000010000000000000114 /* PrimaryButton.swift */; };
		7A1000010000000000000015 /* TopNavigationBar.swift in Sources */ = {isa = PBXBuildFile; fileRef = 7A1000010000000000000116 /* TopNavigationBar.swift */; };
		7A1000010000000000000016 /* NicknameSetupView.swift in Sources */ = {isa = PBXBuildFile; fileRef = 7A1000010000000000000117 /* NicknameSetupView.swift */; };
		7A1000010000000000000017 /* NicknameSetupViewModel.swift in Sources */ = {isa = PBXBuildFile; fileRef = 7A1000010000000000000118 /* NicknameSetupViewModel.swift */; };
		7A1000010000000000000018 /* ValidationRuleRow.swift in Sources */ = {isa = PBXBuildFile; fileRef = 7A1000010000000000000119 /* ValidationRuleRow.swift */; };
		7A1000010000000000000019 /* NicknameValidator.swift in Sources */ = {isa = PBXBuildFile; fileRef = 7A100001000000000000011A /* NicknameValidator.swift */; };
		7A100001000000000000001A /* MyPageView.swift in Sources */ = {isa = PBXBuildFile; fileRef = 7A100001000000000000011B /* MyPageView.swift */; };
		7A100001000000000000001B /* MyNicknameChangeView.swift in Sources */ = {isa = PBXBuildFile; fileRef = 7A100001000000000000011C /* MyNicknameChangeView.swift */; };
		7A100001000000000000001C /* LocalAppStateStore.swift in Sources */ = {isa = PBXBuildFile; fileRef = 7A100001000000000000011D /* LocalAppStateStore.swift */; };
		7A100001000000000000001D /* RunningView.swift in Sources */ = {isa = PBXBuildFile; fileRef = 7A100001000000000000011E /* RunningView.swift */; };
		7A100001000000000000001E /* RunningMapView.swift in Sources */ = {isa = PBXBuildFile; fileRef = 7A100001000000000000011F /* RunningMapView.swift */; };
		7A100001000000000000001F /* RunningSummaryView.swift in Sources */ = {isa = PBXBuildFile; fileRef = 7A1000010000000000000120 /* RunningSummaryView.swift */; };
		7A1000010000000000000020 /* MapPlaceholderView.swift in Sources */ = {isa = PBXBuildFile; fileRef = 7A1000010000000000000121 /* MapPlaceholderView.swift */; };
		7A1000010000000000000021 /* RunningRecord.swift in Sources */ = {isa = PBXBuildFile; fileRef = 7A1000010000000000000122 /* RunningRecord.swift */; };
		7A1000010000000000000022 /* RunningMetricFormatter.swift in Sources */ = {isa = PBXBuildFile; fileRef = 7A1000010000000000000123 /* RunningMetricFormatter.swift */; };
		7A1000010000000000000023 /* RunningHistoryStore.swift in Sources */ = {isa = PBXBuildFile; fileRef = 7A1000010000000000000124 /* RunningHistoryStore.swift */; };
		7A1000010000000000000024 /* RunningSession.swift in Sources */ = {isa = PBXBuildFile; fileRef = 7A1000010000000000000125 /* RunningSession.swift */; };
		7A1000010000000000000025 /* RunningTracker.swift in Sources */ = {isa = PBXBuildFile; fileRef = 7A1000010000000000000126 /* RunningTracker.swift */; };
		7A1000010000000000000026 /* HistoryView.swift in Sources */ = {isa = PBXBuildFile; fileRef = 7A1000010000000000000127 /* HistoryView.swift */; };
		7A1000010000000000000027 /* TeamCreateView.swift in Sources */ = {isa = PBXBuildFile; fileRef = 7A1000010000000000000128 /* TeamCreateView.swift */; };
		7A1000010000000000000028 /* TeamCreateViewModel.swift in Sources */ = {isa = PBXBuildFile; fileRef = 7A1000010000000000000129 /* TeamCreateViewModel.swift */; };
		7A1000010000000000000029 /* TeamJoinView.swift in Sources */ = {isa = PBXBuildFile; fileRef = 7A100001000000000000012A /* TeamJoinView.swift */; };
		7A100001000000000000002A /* TeamJoinViewModel.swift in Sources */ = {isa = PBXBuildFile; fileRef = 7A100001000000000000012B /* TeamJoinViewModel.swift */; };
		7A100001000000000000002B /* TeamNameValidator.swift in Sources */ = {isa = PBXBuildFile; fileRef = 7A100001000000000000012C /* TeamNameValidator.swift */; };
		7A100001000000000000002C /* TeamService.swift in Sources */ = {isa = PBXBuildFile; fileRef = 7A100001000000000000012D /* TeamService.swift */; };
		7A100001000000000000002D /* TeamDashboardView.swift in Sources */ = {isa = PBXBuildFile; fileRef = 7A1000010000000000000130 /* TeamDashboardView.swift */; };
		7A100001000000000000002E /* InviteMemberView.swift in Sources */ = {isa = PBXBuildFile; fileRef = 7A1000010000000000000131 /* InviteMemberView.swift */; };
		7A1000010000000000000040 /* pretendard_black.otf in Resources */ = {isa = PBXBuildFile; fileRef = 7A1000010000000000000140 /* pretendard_black.otf */; };
		7A1000010000000000000041 /* pretendard_bold.otf in Resources */ = {isa = PBXBuildFile; fileRef = 7A1000010000000000000141 /* pretendard_bold.otf */; };
		7A1000010000000000000042 /* pretendard_extra_bold.otf in Resources */ = {isa = PBXBuildFile; fileRef = 7A1000010000000000000142 /* pretendard_extra_bold.otf */; };
		7A1000010000000000000043 /* pretendard_extra_light.otf in Resources */ = {isa = PBXBuildFile; fileRef = 7A1000010000000000000143 /* pretendard_extra_light.otf */; };
		7A1000010000000000000044 /* pretendard_light.otf in Resources */ = {isa = PBXBuildFile; fileRef = 7A1000010000000000000144 /* pretendard_light.otf */; };
		7A1000010000000000000045 /* pretendard_medium.otf in Resources */ = {isa = PBXBuildFile; fileRef = 7A1000010000000000000145 /* pretendard_medium.otf */; };
		7A1000010000000000000046 /* pretendard_regular.otf in Resources */ = {isa = PBXBuildFile; fileRef = 7A1000010000000000000146 /* pretendard_regular.otf */; };
		7A1000010000000000000047 /* pretendard_semi_bold.otf in Resources */ = {isa = PBXBuildFile; fileRef = 7A1000010000000000000147 /* pretendard_semi_bold.otf */; };
		7A1000010000000000000048 /* pretendard_thin.otf in Resources */ = {isa = PBXBuildFile; fileRef = 7A1000010000000000000148 /* pretendard_thin.otf */; };
		7A1000010000000000000049 /* Assets.xcassets in Resources */ = {isa = PBXBuildFile; fileRef = 7A1000010000000000000149 /* Assets.xcassets */; };
		7A100001000000000000004A /* bk.png in Resources */ = {isa = PBXBuildFile; fileRef = 7A1000010000000000000150 /* bk.png */; };
		7A100001000000000000004B /* encho.png in Resources */ = {isa = PBXBuildFile; fileRef = 7A1000010000000000000151 /* encho.png */; };
		7A100001000000000000004C /* Supabase in Frameworks */ = {isa = PBXBuildFile; productRef = 7A1000010000000000000901 /* Supabase */; };
		7A100001000000000000004D /* GoogleSignIn in Frameworks */ = {isa = PBXBuildFile; productRef = 7A1000010000000000000903 /* GoogleSignIn */; };
		7A1040010000000000000001 /* ProfileModels.swift in Sources */ = {isa = PBXBuildFile; fileRef = 7A1040010000000000000101 /* ProfileModels.swift */; };
		7A1040010000000000000002 /* ProfileService.swift in Sources */ = {isa = PBXBuildFile; fileRef = 7A1040010000000000000102 /* ProfileService.swift */; };
		7A1070010000000000000001 /* RunModels.swift in Sources */ = {isa = PBXBuildFile; fileRef = 7A1070010000000000000101 /* RunModels.swift */; };
		7A1070010000000000000002 /* RunService.swift in Sources */ = {isa = PBXBuildFile; fileRef = 7A1070010000000000000102 /* RunService.swift */; };
		7A1350010000000000000001 /* RunpamineLottieView.swift in Sources */ = {isa = PBXBuildFile; fileRef = 7A1350010000000000000101 /* RunpamineLottieView.swift */; };
		7A1350010000000000000040 /* lottie in Resources */ = {isa = PBXBuildFile; fileRef = 7A1350010000000000000140 /* lottie */; };
		7A1350010000000000000041 /* Lottie in Frameworks */ = {isa = PBXBuildFile; productRef = 7A1350010000000000000901 /* Lottie */; };
		7A1420010000000000000001 /* RankingService.swift in Sources */ = {isa = PBXBuildFile; fileRef = 7A1420010000000000000101 /* RankingService.swift */; };
		7A1420010000000000000002 /* RankingView.swift in Sources */ = {isa = PBXBuildFile; fileRef = 7A1420010000000000000102 /* RankingView.swift */; };
		7A1590010000000000000001 /* AppleLoginButton.swift in Sources */ = {isa = PBXBuildFile; fileRef = 7A1590010000000000000101 /* AppleLoginButton.swift */; };
		7A1670010000000000000001 /* RunpamineConfirmationDialog.swift in Sources */ = {isa = PBXBuildFile; fileRef = 7A1670010000000000000101 /* RunpamineConfirmationDialog.swift */; };
		7A2480010000000000000001 /* PrivacyInfo.xcprivacy in Resources */ = {isa = PBXBuildFile; fileRef = 7A2480010000000000000101 /* PrivacyInfo.xcprivacy */; };
/* End PBXBuildFile section */

/* Begin PBXFileReference section */
		64AA177F2FDE905F00FC0B91 /* error.png */ = {isa = PBXFileReference; lastKnownFileType = image.png; path = error.png; sourceTree = "<group>"; };
		7A1000010000000000000101 /* RunpamineApp.swift */ = {isa = PBXFileReference; lastKnownFileType = sourcecode.swift; path = RunpamineApp.swift; sourceTree = "<group>"; };
		7A1000010000000000000102 /* SplashView.swift */ = {isa = PBXFileReference; lastKnownFileType = sourcecode.swift; path = SplashView.swift; sourceTree = "<group>"; };
		7A1000010000000000000103 /* RunpamineLogoView.swift */ = {isa = PBXFileReference; lastKnownFileType = sourcecode.swift; path = RunpamineLogoView.swift; sourceTree = "<group>"; };
		7A1000010000000000000104 /* AppTheme.swift */ = {isa = PBXFileReference; lastKnownFileType = sourcecode.swift; path = AppTheme.swift; sourceTree = "<group>"; };
		7A1000010000000000000105 /* LoginView.swift */ = {isa = PBXFileReference; lastKnownFileType = sourcecode.swift; path = LoginView.swift; sourceTree = "<group>"; };
		7A1000010000000000000106 /* LoginViewModel.swift */ = {isa = PBXFileReference; lastKnownFileType = sourcecode.swift; path = LoginViewModel.swift; sourceTree = "<group>"; };
		7A1000010000000000000107 /* GoogleLoginButton.swift */ = {isa = PBXFileReference; lastKnownFileType = sourcecode.swift; path = GoogleLoginButton.swift; sourceTree = "<group>"; };
		7A1000010000000000000108 /* AppLogoView.swift */ = {isa = PBXFileReference; lastKnownFileType = sourcecode.swift; path = AppLogoView.swift; sourceTree = "<group>"; };
		7A1000010000000000000109 /* AuthModels.swift */ = {isa = PBXFileReference; lastKnownFileType = sourcecode.swift; path = AuthModels.swift; sourceTree = "<group>"; };
		7A100001000000000000010A /* AuthService.swift */ = {isa = PBXFileReference; lastKnownFileType = sourcecode.swift; path = AuthService.swift; sourceTree = "<group>"; };
		7A100001000000000000010B /* RootView.swift */ = {isa = PBXFileReference; lastKnownFileType = sourcecode.swift; path = RootView.swift; sourceTree = "<group>"; };
		7A100001000000000000010C /* HomeView.swift */ = {isa = PBXFileReference; lastKnownFileType = sourcecode.swift; path = HomeView.swift; sourceTree = "<group>"; };
		7A100001000000000000010D /* HomeMapView.swift */ = {isa = PBXFileReference; lastKnownFileType = sourcecode.swift; path = HomeMapView.swift; sourceTree = "<group>"; };
		7A100001000000000000010E /* MainTabView.swift */ = {isa = PBXFileReference; lastKnownFileType = sourcecode.swift; path = MainTabView.swift; sourceTree = "<group>"; };
		7A100001000000000000010F /* AppTabBar.swift */ = {isa = PBXFileReference; lastKnownFileType = sourcecode.swift; path = AppTabBar.swift; sourceTree = "<group>"; };
		7A1000010000000000000110 /* TeamModels.swift */ = {isa = PBXFileReference; lastKnownFileType = sourcecode.swift; path = TeamModels.swift; sourceTree = "<group>"; };
		7A1000010000000000000111 /* TermsAgreementView.swift */ = {isa = PBXFileReference; lastKnownFileType = sourcecode.swift; path = TermsAgreementView.swift; sourceTree = "<group>"; };
		7A1000010000000000000112 /* TermsAgreementViewModel.swift */ = {isa = PBXFileReference; lastKnownFileType = sourcecode.swift; path = TermsAgreementViewModel.swift; sourceTree = "<group>"; };
		7A1000010000000000000113 /* AgreementRow.swift */ = {isa = PBXFileReference; lastKnownFileType = sourcecode.swift; path = AgreementRow.swift; sourceTree = "<group>"; };
		7A1000010000000000000114 /* PrimaryButton.swift */ = {isa = PBXFileReference; lastKnownFileType = sourcecode.swift; path = PrimaryButton.swift; sourceTree = "<group>"; };
		7A1000010000000000000115 /* Runpamine.app */ = {isa = PBXFileReference; explicitFileType = wrapper.application; includeInIndex = 0; path = Runpamine.app; sourceTree = BUILT_PRODUCTS_DIR; };
		7A1000010000000000000116 /* TopNavigationBar.swift */ = {isa = PBXFileReference; lastKnownFileType = sourcecode.swift; path = TopNavigationBar.swift; sourceTree = "<group>"; };
		7A1000010000000000000117 /* NicknameSetupView.swift */ = {isa = PBXFileReference; lastKnownFileType = sourcecode.swift; path = NicknameSetupView.swift; sourceTree = "<group>"; };
		7A1000010000000000000118 /* NicknameSetupViewModel.swift */ = {isa = PBXFileReference; lastKnownFileType = sourcecode.swift; path = NicknameSetupViewModel.swift; sourceTree = "<group>"; };
		7A1000010000000000000119 /* ValidationRuleRow.swift */ = {isa = PBXFileReference; lastKnownFileType = sourcecode.swift; path = ValidationRuleRow.swift; sourceTree = "<group>"; };
		7A100001000000000000011A /* NicknameValidator.swift */ = {isa = PBXFileReference; lastKnownFileType = sourcecode.swift; path = NicknameValidator.swift; sourceTree = "<group>"; };
		7A100001000000000000011B /* MyPageView.swift */ = {isa = PBXFileReference; lastKnownFileType = sourcecode.swift; path = MyPageView.swift; sourceTree = "<group>"; };
		7A100001000000000000011C /* MyNicknameChangeView.swift */ = {isa = PBXFileReference; lastKnownFileType = sourcecode.swift; path = MyNicknameChangeView.swift; sourceTree = "<group>"; };
		7A100001000000000000011D /* LocalAppStateStore.swift */ = {isa = PBXFileReference; lastKnownFileType = sourcecode.swift; path = LocalAppStateStore.swift; sourceTree = "<group>"; };
		7A100001000000000000011E /* RunningView.swift */ = {isa = PBXFileReference; lastKnownFileType = sourcecode.swift; path = RunningView.swift; sourceTree = "<group>"; };
		7A100001000000000000011F /* RunningMapView.swift */ = {isa = PBXFileReference; lastKnownFileType = sourcecode.swift; path = RunningMapView.swift; sourceTree = "<group>"; };
		7A1000010000000000000120 /* RunningSummaryView.swift */ = {isa = PBXFileReference; lastKnownFileType = sourcecode.swift; path = RunningSummaryView.swift; sourceTree = "<group>"; };
		7A1000010000000000000121 /* MapPlaceholderView.swift */ = {isa = PBXFileReference; lastKnownFileType = sourcecode.swift; path = MapPlaceholderView.swift; sourceTree = "<group>"; };
		7A1000010000000000000122 /* RunningRecord.swift */ = {isa = PBXFileReference; lastKnownFileType = sourcecode.swift; path = RunningRecord.swift; sourceTree = "<group>"; };
		7A1000010000000000000123 /* RunningMetricFormatter.swift */ = {isa = PBXFileReference; lastKnownFileType = sourcecode.swift; path = RunningMetricFormatter.swift; sourceTree = "<group>"; };
		7A1000010000000000000124 /* RunningHistoryStore.swift */ = {isa = PBXFileReference; lastKnownFileType = sourcecode.swift; path = RunningHistoryStore.swift; sourceTree = "<group>"; };
		7A1000010000000000000125 /* RunningSession.swift */ = {isa = PBXFileReference; lastKnownFileType = sourcecode.swift; path = RunningSession.swift; sourceTree = "<group>"; };
		7A1000010000000000000126 /* RunningTracker.swift */ = {isa = PBXFileReference; lastKnownFileType = sourcecode.swift; path = RunningTracker.swift; sourceTree = "<group>"; };
		7A1000010000000000000127 /* HistoryView.swift */ = {isa = PBXFileReference; lastKnownFileType = sourcecode.swift; path = HistoryView.swift; sourceTree = "<group>"; };
		7A1000010000000000000128 /* TeamCreateView.swift */ = {isa = PBXFileReference; lastKnownFileType = sourcecode.swift; path = TeamCreateView.swift; sourceTree = "<group>"; };
		7A1000010000000000000129 /* TeamCreateViewModel.swift */ = {isa = PBXFileReference; lastKnownFileType = sourcecode.swift; path = TeamCreateViewModel.swift; sourceTree = "<group>"; };
		7A100001000000000000012A /* TeamJoinView.swift */ = {isa = PBXFileReference; lastKnownFileType = sourcecode.swift; path = TeamJoinView.swift; sourceTree = "<group>"; };
		7A100001000000000000012B /* TeamJoinViewModel.swift */ = {isa = PBXFileReference; lastKnownFileType = sourcecode.swift; path = TeamJoinViewModel.swift; sourceTree = "<group>"; };
		7A100001000000000000012C /* TeamNameValidator.swift */ = {isa = PBXFileReference; lastKnownFileType = sourcecode.swift; path = TeamNameValidator.swift; sourceTree = "<group>"; };
		7A100001000000000000012D /* TeamService.swift */ = {isa = PBXFileReference; lastKnownFileType = sourcecode.swift; path = TeamService.swift; sourceTree = "<group>"; };
		7A100001000000000000012F /* Info.plist */ = {isa = PBXFileReference; lastKnownFileType = text.plist.xml; path = Info.plist; sourceTree = "<group>"; };
		7A1000010000000000000130 /* TeamDashboardView.swift */ = {isa = PBXFileReference; lastKnownFileType = sourcecode.swift; path = TeamDashboardView.swift; sourceTree = "<group>"; };
		7A1000010000000000000131 /* InviteMemberView.swift */ = {isa = PBXFileReference; lastKnownFileType = sourcecode.swift; path = InviteMemberView.swift; sourceTree = "<group>"; };
		7A1000010000000000000140 /* pretendard_black.otf */ = {isa = PBXFileReference; lastKnownFileType = file; path = pretendard_black.otf; sourceTree = "<group>"; };
		7A1000010000000000000141 /* pretendard_bold.otf */ = {isa = PBXFileReference; lastKnownFileType = file; path = pretendard_bold.otf; sourceTree = "<group>"; };
		7A1000010000000000000142 /* pretendard_extra_bold.otf */ = {isa = PBXFileReference; lastKnownFileType = file; path = pretendard_extra_bold.otf; sourceTree = "<group>"; };
		7A1000010000000000000143 /* pretendard_extra_light.otf */ = {isa = PBXFileReference; lastKnownFileType = file; path = pretendard_extra_light.otf; sourceTree = "<group>"; };
		7A1000010000000000000144 /* pretendard_light.otf */ = {isa = PBXFileReference; lastKnownFileType = file; path = pretendard_light.otf; sourceTree = "<group>"; };
		7A1000010000000000000145 /* pretendard_medium.otf */ = {isa = PBXFileReference; lastKnownFileType = file; path = pretendard_medium.otf; sourceTree = "<group>"; };
		7A1000010000000000000146 /* pretendard_regular.otf */ = {isa = PBXFileReference; lastKnownFileType = file; path = pretendard_regular.otf; sourceTree = "<group>"; };
		7A1000010000000000000147 /* pretendard_semi_bold.otf */ = {isa = PBXFileReference; lastKnownFileType = file; path = pretendard_semi_bold.otf; sourceTree = "<group>"; };
		7A1000010000000000000148 /* pretendard_thin.otf */ = {isa = PBXFileReference; lastKnownFileType = file; path = pretendard_thin.otf; sourceTree = "<group>"; };
		7A1000010000000000000149 /* Assets.xcassets */ = {isa = PBXFileReference; lastKnownFileType = folder.assetcatalog; path = Assets.xcassets; sourceTree = "<group>"; };
		7A1000010000000000000150 /* bk.png */ = {isa = PBXFileReference; lastKnownFileType = image.png; path = bk.png; sourceTree = SOURCE_ROOT; };
		7A1000010000000000000151 /* encho.png */ = {isa = PBXFileReference; lastKnownFileType = image.png; path = encho.png; sourceTree = SOURCE_ROOT; };
		7A1040010000000000000101 /* ProfileModels.swift */ = {isa = PBXFileReference; lastKnownFileType = sourcecode.swift; path = ProfileModels.swift; sourceTree = "<group>"; };
		7A1040010000000000000102 /* ProfileService.swift */ = {isa = PBXFileReference; lastKnownFileType = sourcecode.swift; path = ProfileService.swift; sourceTree = "<group>"; };
		7A1070010000000000000101 /* RunModels.swift */ = {isa = PBXFileReference; lastKnownFileType = sourcecode.swift; path = RunModels.swift; sourceTree = "<group>"; };
		7A1070010000000000000102 /* RunService.swift */ = {isa = PBXFileReference; lastKnownFileType = sourcecode.swift; path = RunService.swift; sourceTree = "<group>"; };
		7A1350010000000000000101 /* RunpamineLottieView.swift */ = {isa = PBXFileReference; lastKnownFileType = sourcecode.swift; path = RunpamineLottieView.swift; sourceTree = "<group>"; };
		7A1350010000000000000140 /* lottie */ = {isa = PBXFileReference; lastKnownFileType = folder; path = lottie; sourceTree = "<group>"; };
		7A1420010000000000000101 /* RankingService.swift */ = {isa = PBXFileReference; lastKnownFileType = sourcecode.swift; path = RankingService.swift; sourceTree = "<group>"; };
		7A1420010000000000000102 /* RankingView.swift */ = {isa = PBXFileReference; lastKnownFileType = sourcecode.swift; path = RankingView.swift; sourceTree = "<group>"; };
		7A1590010000000000000101 /* AppleLoginButton.swift */ = {isa = PBXFileReference; lastKnownFileType = sourcecode.swift; path = AppleLoginButton.swift; sourceTree = "<group>"; };
		7A1590010000000000000102 /* Runpamine.entitlements */ = {isa = PBXFileReference; lastKnownFileType = text.plist.entitlements; path = Runpamine.entitlements; sourceTree = "<group>"; };
		7A1670010000000000000101 /* RunpamineConfirmationDialog.swift */ = {isa = PBXFileReference; lastKnownFileType = sourcecode.swift; path = RunpamineConfirmationDialog.swift; sourceTree = "<group>"; };
		7A2370010000000000000101 /* Runpamine.xcconfig */ = {isa = PBXFileReference; lastKnownFileType = text.xcconfig; path = Runpamine.xcconfig; sourceTree = "<group>"; };
		7A2480010000000000000101 /* PrivacyInfo.xcprivacy */ = {isa = PBXFileReference; lastKnownFileType = text.xml; path = PrivacyInfo.xcprivacy; sourceTree = "<group>"; };
/* End PBXFileReference section */

/* Begin PBXFrameworksBuildPhase section */
		7A1000010000000000000201 /* Frameworks */ = {
			isa = PBXFrameworksBuildPhase;
			buildActionMask = 2147483647;
			files = (
				7A100001000000000000004C /* Supabase in Frameworks */,
				7A100001000000000000004D /* GoogleSignIn in Frameworks */,
				7A1350010000000000000041 /* Lottie in Frameworks */,
			);
			runOnlyForDeploymentPostprocessing = 0;
		};
/* End PBXFrameworksBuildPhase section */

/* Begin PBXGroup section */
		7A1000010000000000000301 = {
			isa = PBXGroup;
			children = (
				7A1000010000000000000302 /* Sources */,
				7A1000010000000000000320 /* Resources */,
				7A2370010000000000000301 /* Config */,
				7A100001000000000000012F /* Info.plist */,
				7A2480010000000000000101 /* PrivacyInfo.xcprivacy */,
				7A1590010000000000000102 /* Runpamine.entitlements */,
				7A1000010000000000000303 /* Products */,
			);
			sourceTree = "<group>";
		};
		7A1000010000000000000302 /* Sources */ = {
			isa = PBXGroup;
			children = (
				7A1000010000000000000304 /* App */,
				7A1000010000000000000305 /* Features */,
				7A1000010000000000000306 /* Shared */,
			);
			path = Sources;
			sourceTree = "<group>";
		};
		7A1000010000000000000303 /* Products */ = {
			isa = PBXGroup;
			children = (
				7A1000010000000000000115 /* Runpamine.app */,
			);
			name = Products;
			sourceTree = "<group>";
		};
		7A1000010000000000000304 /* App */ = {
			isa = PBXGroup;
			children = (
				7A1000010000000000000101 /* RunpamineApp.swift */,
				7A100001000000000000010B /* RootView.swift */,
			);
			path = App;
			sourceTree = "<group>";
		};
		7A1000010000000000000305 /* Features */ = {
			isa = PBXGroup;
			children = (
				7A1000010000000000000307 /* Splash */,
				7A1000010000000000000310 /* Login */,
				7A1000010000000000000316 /* Signup */,
				7A1000010000000000000317 /* MyPage */,
				7A1000010000000000000319 /* Running */,
				7A100001000000000000031B /* History */,
				7A100001000000000000031C /* Team */,
				7A1420010000000000000302 /* Ranking */,
				7A1000010000000000000313 /* Home */,
				7A1000010000000000000314 /* MainTab */,
			);
			path = Features;
			sourceTree = "<group>";
		};
		7A1000010000000000000306 /* Shared */ = {
			isa = PBXGroup;
			children = (
				7A1000010000000000000308 /* Components */,
				7A1000010000000000000311 /* Domain */,
				7A1000010000000000000309 /* Theme */,
			);
			path = Shared;
			sourceTree = "<group>";
		};
		7A1000010000000000000307 /* Splash */ = {
			isa = PBXGroup;
			children = (
				7A1000010000000000000102 /* SplashView.swift */,
			);
			path = Splash;
			sourceTree = "<group>";
		};
		7A1000010000000000000308 /* Components */ = {
			isa = PBXGroup;
			children = (
				7A1000010000000000000103 /* RunpamineLogoView.swift */,
				7A1000010000000000000108 /* AppLogoView.swift */,
				7A100001000000000000010F /* AppTabBar.swift */,
				7A1000010000000000000113 /* AgreementRow.swift */,
				7A1000010000000000000114 /* PrimaryButton.swift */,
				7A1000010000000000000116 /* TopNavigationBar.swift */,
				7A1000010000000000000119 /* ValidationRuleRow.swift */,
				7A1000010000000000000121 /* MapPlaceholderView.swift */,
				7A1350010000000000000101 /* RunpamineLottieView.swift */,
				7A1670010000000000000101 /* RunpamineConfirmationDialog.swift */,
			);
			path = Components;
			sourceTree = "<group>";
		};
		7A1000010000000000000309 /* Theme */ = {
			isa = PBXGroup;
			children = (
				7A1000010000000000000104 /* AppTheme.swift */,
			);
			path = Theme;
			sourceTree = "<group>";
		};
		7A1000010000000000000310 /* Login */ = {
			isa = PBXGroup;
			children = (
				7A1000010000000000000105 /* LoginView.swift */,
				7A1000010000000000000106 /* LoginViewModel.swift */,
				7A1000010000000000000107 /* GoogleLoginButton.swift */,
				7A1590010000000000000101 /* AppleLoginButton.swift */,
			);
			path = Login;
			sourceTree = "<group>";
		};
		7A1000010000000000000311 /* Domain */ = {
			isa = PBXGroup;
			children = (
				7A1000010000000000000312 /* Auth */,
				7A1000010000000000000318 /* Persistence */,
				7A1040010000000000000301 /* Profile */,
				7A100001000000000000031A /* Running */,
				7A1000010000000000000315 /* Team */,
				7A1420010000000000000301 /* Ranking */,
			);
			path = Domain;
			sourceTree = "<group>";
		};
		7A1000010000000000000312 /* Auth */ = {
			isa = PBXGroup;
			children = (
				7A1000010000000000000109 /* AuthModels.swift */,
				7A100001000000000000010A /* AuthService.swift */,
				7A100001000000000000011A /* NicknameValidator.swift */,
			);
			path = Auth;
			sourceTree = "<group>";
		};
		7A1000010000000000000313 /* Home */ = {
			isa = PBXGroup;
			children = (
				7A100001000000000000010C /* HomeView.swift */,
				7A100001000000000000010D /* HomeMapView.swift */,
			);
			path = Home;
			sourceTree = "<group>";
		};
		7A1000010000000000000314 /* MainTab */ = {
			isa = PBXGroup;
			children = (
				7A100001000000000000010E /* MainTabView.swift */,
			);
			path = MainTab;
			sourceTree = "<group>";
		};
		7A1000010000000000000315 /* Team */ = {
			isa = PBXGroup;
			children = (
				7A1000010000000000000110 /* TeamModels.swift */,
				7A100001000000000000012C /* TeamNameValidator.swift */,
				7A100001000000000000012D /* TeamService.swift */,
			);
			path = Team;
			sourceTree = "<group>";
		};
		7A1000010000000000000316 /* Signup */ = {
			isa = PBXGroup;
			children = (
				7A1000010000000000000111 /* TermsAgreementView.swift */,
				7A1000010000000000000112 /* TermsAgreementViewModel.swift */,
				7A1000010000000000000117 /* NicknameSetupView.swift */,
				7A1000010000000000000118 /* NicknameSetupViewModel.swift */,
			);
			path = Signup;
			sourceTree = "<group>";
		};
		7A1000010000000000000317 /* MyPage */ = {
			isa = PBXGroup;
			children = (
				7A100001000000000000011B /* MyPageView.swift */,
				7A100001000000000000011C /* MyNicknameChangeView.swift */,
			);
			path = MyPage;
			sourceTree = "<group>";
		};
		7A1000010000000000000318 /* Persistence */ = {
			isa = PBXGroup;
			children = (
				7A100001000000000000011D /* LocalAppStateStore.swift */,
			);
			path = Persistence;
			sourceTree = "<group>";
		};
		7A1000010000000000000319 /* Running */ = {
			isa = PBXGroup;
			children = (
				7A100001000000000000011E /* RunningView.swift */,
				7A100001000000000000011F /* RunningMapView.swift */,
				7A1000010000000000000120 /* RunningSummaryView.swift */,
			);
			path = Running;
			sourceTree = "<group>";
		};
		7A100001000000000000031A /* Running */ = {
			isa = PBXGroup;
			children = (
				7A1000010000000000000122 /* RunningRecord.swift */,
				7A1000010000000000000123 /* RunningMetricFormatter.swift */,
				7A1000010000000000000124 /* RunningHistoryStore.swift */,
				7A1000010000000000000125 /* RunningSession.swift */,
				7A1000010000000000000126 /* RunningTracker.swift */,
				7A1070010000000000000101 /* RunModels.swift */,
				7A1070010000000000000102 /* RunService.swift */,
			);
			path = Running;
			sourceTree = "<group>";
		};
		7A100001000000000000031B /* History */ = {
			isa = PBXGroup;
			children = (
				7A1000010000000000000127 /* HistoryView.swift */,
			);
			path = History;
			sourceTree = "<group>";
		};
		7A100001000000000000031C /* Team */ = {
			isa = PBXGroup;
			children = (
				7A1000010000000000000128 /* TeamCreateView.swift */,
				7A1000010000000000000129 /* TeamCreateViewModel.swift */,
				7A100001000000000000012A /* TeamJoinView.swift */,
				7A100001000000000000012B /* TeamJoinViewModel.swift */,
				7A1000010000000000000130 /* TeamDashboardView.swift */,
				7A1000010000000000000131 /* InviteMemberView.swift */,
			);
			path = Team;
			sourceTree = "<group>";
		};
		7A1000010000000000000320 /* Resources */ = {
			isa = PBXGroup;
			children = (
				64AA177F2FDE905F00FC0B91 /* error.png */,
				7A1000010000000000000149 /* Assets.xcassets */,
				7A1000010000000000000150 /* bk.png */,
				7A1000010000000000000151 /* encho.png */,
				7A1350010000000000000140 /* lottie */,
				7A1000010000000000000321 /* Fonts */,
			);
			path = Resources;
			sourceTree = "<group>";
		};
		7A1000010000000000000321 /* Fonts */ = {
			isa = PBXGroup;
			children = (
				7A1000010000000000000140 /* pretendard_black.otf */,
				7A1000010000000000000141 /* pretendard_bold.otf */,
				7A1000010000000000000142 /* pretendard_extra_bold.otf */,
				7A1000010000000000000143 /* pretendard_extra_light.otf */,
				7A1000010000000000000144 /* pretendard_light.otf */,
				7A1000010000000000000145 /* pretendard_medium.otf */,
				7A1000010000000000000146 /* pretendard_regular.otf */,
				7A1000010000000000000147 /* pretendard_semi_bold.otf */,
				7A1000010000000000000148 /* pretendard_thin.otf */,
			);
			path = Fonts;
			sourceTree = "<group>";
		};
		7A1040010000000000000301 /* Profile */ = {
			isa = PBXGroup;
			children = (
				7A1040010000000000000101 /* ProfileModels.swift */,
				7A1040010000000000000102 /* ProfileService.swift */,
			);
			path = Profile;
			sourceTree = "<group>";
		};
		7A1420010000000000000301 /* Ranking */ = {
			isa = PBXGroup;
			children = (
				7A1420010000000000000101 /* RankingService.swift */,
			);
			path = Ranking;
			sourceTree = "<group>";
		};
		7A1420010000000000000302 /* Ranking */ = {
			isa = PBXGroup;
			children = (
				7A1420010000000000000102 /* RankingView.swift */,
			);
			path = Ranking;
			sourceTree = "<group>";
		};
		7A2370010000000000000301 /* Config */ = {
			isa = PBXGroup;
			children = (
				7A2370010000000000000101 /* Runpamine.xcconfig */,
			);
			path = Config;
			sourceTree = "<group>";
		};
/* End PBXGroup section */

/* Begin PBXNativeTarget section */
		7A1000010000000000000401 /* Runpamine */ = {
			isa = PBXNativeTarget;
			buildConfigurationList = 7A1000010000000000000802 /* Build configuration list for PBXNativeTarget "Runpamine" */;
			buildPhases = (
				7A1000010000000000000202 /* Sources */,
				7A1000010000000000000201 /* Frameworks */,
				7A1000010000000000000203 /* Resources */,
			);
			buildRules = (
			);
			dependencies = (
			);
			name = Runpamine;
			packageProductDependencies = (
				7A1000010000000000000901 /* Supabase */,
				7A1000010000000000000903 /* GoogleSignIn */,
				7A1350010000000000000901 /* Lottie */,
			);
			productName = Runpamine;
			productReference = 7A1000010000000000000115 /* Runpamine.app */;
			productType = "com.apple.product-type.application";
		};
/* End PBXNativeTarget section */

/* Begin PBXProject section */
		7A1000010000000000000501 /* Project object */ = {
			isa = PBXProject;
			attributes = {
				BuildIndependentTargetsInParallel = 1;
				LastSwiftUpdateCheck = 1600;
				LastUpgradeCheck = 1600;
				TargetAttributes = {
					7A1000010000000000000401 = {
						CreatedOnToolsVersion = 16.0;
					};
				};
			};
			buildConfigurationList = 7A1000010000000000000801 /* Build configuration list for PBXProject "Runpamine" */;
			compatibilityVersion = "Xcode 14.0";
			developmentRegion = en;
			hasScannedForEncodings = 0;
			knownRegions = (
				en,
				Base,
			);
			mainGroup = 7A1000010000000000000301;
			packageReferences = (
				7A1000010000000000000902 /* XCRemoteSwiftPackageReference "supabase-swift" */,
				7A1000010000000000000904 /* XCRemoteSwiftPackageReference "GoogleSignIn-iOS" */,
				7A1350010000000000000902 /* XCRemoteSwiftPackageReference "lottie-spm" */,
			);
			productRefGroup = 7A1000010000000000000303 /* Products */;
			projectDirPath = "";
			projectRoot = "";
			targets = (
				7A1000010000000000000401 /* Runpamine */,
			);
		};
/* End PBXProject section */

/* Begin PBXResourcesBuildPhase section */
		7A1000010000000000000203 /* Resources */ = {
			isa = PBXResourcesBuildPhase;
			buildActionMask = 2147483647;
			files = (
				7A1000010000000000000049 /* Assets.xcassets in Resources */,
				7A1000010000000000000040 /* pretendard_black.otf in Resources */,
				7A1000010000000000000041 /* pretendard_bold.otf in Resources */,
				7A1000010000000000000042 /* pretendard_extra_bold.otf in Resources */,
				7A1000010000000000000043 /* pretendard_extra_light.otf in Resources */,
				7A1000010000000000000044 /* pretendard_light.otf in Resources */,
				7A1000010000000000000045 /* pretendard_medium.otf in Resources */,
				7A1000010000000000000046 /* pretendard_regular.otf in Resources */,
				7A1000010000000000000047 /* pretendard_semi_bold.otf in Resources */,
				7A1000010000000000000048 /* pretendard_thin.otf in Resources */,
				7A100001000000000000004A /* bk.png in Resources */,
				64AA17802FDE905F00FC0B91 /* error.png in Resources */,
				7A100001000000000000004B /* encho.png in Resources */,
				7A1350010000000000000040 /* lottie in Resources */,
				7A2480010000000000000001 /* PrivacyInfo.xcprivacy in Resources */,
			);
			runOnlyForDeploymentPostprocessing = 0;
		};
/* End PBXResourcesBuildPhase section */

/* Begin PBXSourcesBuildPhase section */
		7A1000010000000000000202 /* Sources */ = {
			isa = PBXSourcesBuildPhase;
			buildActionMask = 2147483647;
			files = (
				7A1000010000000000000001 /* RunpamineApp.swift in Sources */,
				7A1000010000000000000002 /* SplashView.swift in Sources */,
				7A1000010000000000000003 /* RunpamineLogoView.swift in Sources */,
				7A1000010000000000000004 /* AppTheme.swift in Sources */,
				7A1000010000000000000005 /* LoginView.swift in Sources */,
				7A1000010000000000000006 /* LoginViewModel.swift in Sources */,
				7A1000010000000000000007 /* GoogleLoginButton.swift in Sources */,
				7A1590010000000000000001 /* AppleLoginButton.swift in Sources */,
				7A1000010000000000000008 /* AppLogoView.swift in Sources */,
				7A1000010000000000000009 /* AuthModels.swift in Sources */,
				7A100001000000000000000A /* AuthService.swift in Sources */,
				7A100001000000000000000B /* RootView.swift in Sources */,
				7A100001000000000000000C /* HomeView.swift in Sources */,
				7A100001000000000000000D /* HomeMapView.swift in Sources */,
				7A100001000000000000000E /* MainTabView.swift in Sources */,
				7A100001000000000000000F /* AppTabBar.swift in Sources */,
				7A1000010000000000000010 /* TeamModels.swift in Sources */,
				7A1000010000000000000011 /* TermsAgreementView.swift in Sources */,
				7A1000010000000000000012 /* TermsAgreementViewModel.swift in Sources */,
				7A1000010000000000000013 /* AgreementRow.swift in Sources */,
				7A1000010000000000000014 /* PrimaryButton.swift in Sources */,
				7A1000010000000000000015 /* TopNavigationBar.swift in Sources */,
				7A1000010000000000000016 /* NicknameSetupView.swift in Sources */,
				7A1000010000000000000017 /* NicknameSetupViewModel.swift in Sources */,
				7A1000010000000000000018 /* ValidationRuleRow.swift in Sources */,
				7A1000010000000000000019 /* NicknameValidator.swift in Sources */,
				7A100001000000000000001A /* MyPageView.swift in Sources */,
				7A100001000000000000001B /* MyNicknameChangeView.swift in Sources */,
				7A100001000000000000001C /* LocalAppStateStore.swift in Sources */,
				7A100001000000000000001D /* RunningView.swift in Sources */,
				7A100001000000000000001E /* RunningMapView.swift in Sources */,
				7A100001000000000000001F /* RunningSummaryView.swift in Sources */,
				7A1000010000000000000020 /* MapPlaceholderView.swift in Sources */,
				7A1000010000000000000021 /* RunningRecord.swift in Sources */,
				7A1000010000000000000022 /* RunningMetricFormatter.swift in Sources */,
				7A1000010000000000000023 /* RunningHistoryStore.swift in Sources */,
				7A1000010000000000000024 /* RunningSession.swift in Sources */,
				7A1000010000000000000025 /* RunningTracker.swift in Sources */,
				7A1000010000000000000026 /* HistoryView.swift in Sources */,
				7A1000010000000000000027 /* TeamCreateView.swift in Sources */,
				7A1000010000000000000028 /* TeamCreateViewModel.swift in Sources */,
				7A1000010000000000000029 /* TeamJoinView.swift in Sources */,
				7A100001000000000000002A /* TeamJoinViewModel.swift in Sources */,
				7A100001000000000000002B /* TeamNameValidator.swift in Sources */,
				7A100001000000000000002C /* TeamService.swift in Sources */,
				7A1040010000000000000001 /* ProfileModels.swift in Sources */,
				7A1040010000000000000002 /* ProfileService.swift in Sources */,
				7A1070010000000000000001 /* RunModels.swift in Sources */,
				7A1070010000000000000002 /* RunService.swift in Sources */,
				7A100001000000000000002D /* TeamDashboardView.swift in Sources */,
				7A100001000000000000002E /* InviteMemberView.swift in Sources */,
				7A1420010000000000000001 /* RankingService.swift in Sources */,
				7A1420010000000000000002 /* RankingView.swift in Sources */,
				7A1350010000000000000001 /* RunpamineLottieView.swift in Sources */,
				7A1670010000000000000001 /* RunpamineConfirmationDialog.swift in Sources */,
			);
			runOnlyForDeploymentPostprocessing = 0;
		};
/* End PBXSourcesBuildPhase section */

/* Begin XCBuildConfiguration section */
		7A1000010000000000000601 /* Debug */ = {
			isa = XCBuildConfiguration;
			buildSettings = {
				ALWAYS_SEARCH_USER_PATHS = NO;
				CLANG_ANALYZER_NONNULL = YES;
				CLANG_ANALYZER_NUMBER_OBJECT_CONVERSION = YES_AGGRESSIVE;
				CLANG_CXX_LANGUAGE_STANDARD = "gnu++20";
				CLANG_ENABLE_MODULES = YES;
				CLANG_ENABLE_OBJC_ARC = YES;
				CLANG_ENABLE_OBJC_WEAK = YES;
				CLANG_WARN_BLOCK_CAPTURE_AUTORELEASING = YES;
				CLANG_WARN_BOOL_CONVERSION = YES;
				CLANG_WARN_COMMA = YES;
				CLANG_WARN_CONSTANT_CONVERSION = YES;
				CLANG_WARN_DEPRECATED_OBJC_IMPLEMENTATIONS = YES;
				CLANG_WARN_DIRECT_OBJC_ISA_USAGE = YES_ERROR;
				CLANG_WARN_DOCUMENTATION_COMMENTS = YES;
				CLANG_WARN_EMPTY_BODY = YES;
				CLANG_WARN_ENUM_CONVERSION = YES;
				CLANG_WARN_INFINITE_RECURSION = YES;
				CLANG_WARN_INT_CONVERSION = YES;
				CLANG_WARN_NON_LITERAL_NULL_CONVERSION = YES;
				CLANG_WARN_OBJC_IMPLICIT_RETAIN_SELF = YES;
				CLANG_WARN_OBJC_LITERAL_CONVERSION = YES;
				CLANG_WARN_OBJC_ROOT_CLASS = YES_ERROR;
				CLANG_WARN_QUOTED_INCLUDE_IN_FRAMEWORK_HEADER = YES;
				CLANG_WARN_RANGE_LOOP_ANALYSIS = YES;
				CLANG_WARN_STRICT_PROTOTYPES = YES;
				CLANG_WARN_SUSPICIOUS_MOVE = YES;
				CLANG_WARN_UNGUARDED_AVAILABILITY = YES_AGGRESSIVE;
				CLANG_WARN_UNREACHABLE_CODE = YES;
				CLANG_WARN__DUPLICATE_METHOD_MATCH = YES;
				COPY_PHASE_STRIP = NO;
				DEBUG_INFORMATION_FORMAT = dwarf;
				ENABLE_STRICT_OBJC_MSGSEND = YES;
				ENABLE_TESTABILITY = YES;
				GCC_C_LANGUAGE_STANDARD = gnu17;
				GCC_DYNAMIC_NO_PIC = NO;
				GCC_NO_COMMON_BLOCKS = YES;
				GCC_OPTIMIZATION_LEVEL = 0;
				GCC_PREPROCESSOR_DEFINITIONS = (
					"DEBUG=1",
					"$(inherited)",
				);
				GCC_WARN_64_TO_32_BIT_CONVERSION = YES;
				GCC_WARN_ABOUT_RETURN_TYPE = YES_ERROR;
				GCC_WARN_UNDECLARED_SELECTOR = YES;
				GCC_WARN_UNINITIALIZED_AUTOS = YES_AGGRESSIVE;
				GCC_WARN_UNUSED_FUNCTION = YES;
				GCC_WARN_UNUSED_VARIABLE = YES;
				IPHONEOS_DEPLOYMENT_TARGET = 17.0;
				MTL_ENABLE_DEBUG_INFO = INCLUDE_SOURCE;
				MTL_FAST_MATH = YES;
				ONLY_ACTIVE_ARCH = YES;
				SDKROOT = iphoneos;
				SWIFT_ACTIVE_COMPILATION_CONDITIONS = DEBUG;
				SWIFT_OPTIMIZATION_LEVEL = "-Onone";
			};
			name = Debug;
		};
		7A1000010000000000000602 /* Release */ = {
			isa = XCBuildConfiguration;
			buildSettings = {
				ALWAYS_SEARCH_USER_PATHS = NO;
				CLANG_ANALYZER_NONNULL = YES;
				CLANG_ANALYZER_NUMBER_OBJECT_CONVERSION = YES_AGGRESSIVE;
				CLANG_CXX_LANGUAGE_STANDARD = "gnu++20";
				CLANG_ENABLE_MODULES = YES;
				CLANG_ENABLE_OBJC_ARC = YES;
				CLANG_ENABLE_OBJC_WEAK = YES;
				CLANG_WARN_BLOCK_CAPTURE_AUTORELEASING = YES;
				CLANG_WARN_BOOL_CONVERSION = YES;
				CLANG_WARN_COMMA = YES;
				CLANG_WARN_CONSTANT_CONVERSION = YES;
				CLANG_WARN_DEPRECATED_OBJC_IMPLEMENTATIONS = YES;
				CLANG_WARN_DIRECT_OBJC_ISA_USAGE = YES_ERROR;
				CLANG_WARN_DOCUMENTATION_COMMENTS = YES;
				CLANG_WARN_EMPTY_BODY = YES;
				CLANG_WARN_ENUM_CONVERSION = YES;
				CLANG_WARN_INFINITE_RECURSION = YES;
				CLANG_WARN_INT_CONVERSION = YES;
				CLANG_WARN_NON_LITERAL_NULL_CONVERSION = YES;
				CLANG_WARN_OBJC_IMPLICIT_RETAIN_SELF = YES;
				CLANG_WARN_OBJC_LITERAL_CONVERSION = YES;
				CLANG_WARN_OBJC_ROOT_CLASS = YES_ERROR;
				CLANG_WARN_QUOTED_INCLUDE_IN_FRAMEWORK_HEADER = YES;
				CLANG_WARN_RANGE_LOOP_ANALYSIS = YES;
				CLANG_WARN_STRICT_PROTOTYPES = YES;
				CLANG_WARN_SUSPICIOUS_MOVE = YES;
				CLANG_WARN_UNGUARDED_AVAILABILITY = YES_AGGRESSIVE;
				CLANG_WARN_UNREACHABLE_CODE = YES;
				CLANG_WARN__DUPLICATE_METHOD_MATCH = YES;
				COPY_PHASE_STRIP = NO;
				DEBUG_INFORMATION_FORMAT = "dwarf-with-dsym";
				ENABLE_NS_ASSERTIONS = NO;
				ENABLE_STRICT_OBJC_MSGSEND = YES;
				GCC_C_LANGUAGE_STANDARD = gnu17;
				GCC_NO_COMMON_BLOCKS = YES;
				GCC_OPTIMIZATION_LEVEL = 0;
				GCC_WARN_64_TO_32_BIT_CONVERSION = YES;
				GCC_WARN_ABOUT_RETURN_TYPE = YES_ERROR;
				GCC_WARN_UNDECLARED_SELECTOR = YES;
				GCC_WARN_UNINITIALIZED_AUTOS = YES_AGGRESSIVE;
				GCC_WARN_UNUSED_FUNCTION = YES;
				GCC_WARN_UNUSED_VARIABLE = YES;
				IPHONEOS_DEPLOYMENT_TARGET = 17.0;
				MTL_ENABLE_DEBUG_INFO = NO;
				MTL_FAST_MATH = YES;
				SDKROOT = iphoneos;
				SWIFT_COMPILATION_MODE = wholemodule;
				SWIFT_OPTIMIZATION_LEVEL = "-Onone";
				VALIDATE_PRODUCT = YES;
			};
			name = Release;
		};
		7A1000010000000000000701 /* Debug */ = {
			isa = XCBuildConfiguration;
			baseConfigurationReference = 7A2370010000000000000101 /* Runpamine.xcconfig */;
			buildSettings = {
				ASSETCATALOG_COMPILER_APPICON_NAME = AppIcon;
				ASSETCATALOG_COMPILER_GENERATE_SWIFT_ASSET_SYMBOL_EXTENSIONS = YES;
				CODE_SIGN_ENTITLEMENTS = Runpamine.entitlements;
				CODE_SIGN_STYLE = Automatic;
				CURRENT_PROJECT_VERSION = 1;
				DEVELOPMENT_ASSET_PATHS = "";
				DEVELOPMENT_TEAM = 5XL9G5DWBD;
				ENABLE_PREVIEWS = YES;
				GENERATE_INFOPLIST_FILE = NO;
				INFOPLIST_FILE = Info.plist;
				INFOPLIST_KEY_CFBundleDisplayName = Runpamine;
				IPHONEOS_DEPLOYMENT_TARGET = 17.0;
				LD_RUNPATH_SEARCH_PATHS = (
					"$(inherited)",
					"@executable_path/Frameworks",
				);
				MARKETING_VERSION = 1.0;
				PRODUCT_BUNDLE_IDENTIFIER = com.runpamine.app;
				PRODUCT_NAME = "$(TARGET_NAME)";
				SDKROOT = iphoneos;
				SUPPORTED_PLATFORMS = "iphoneos iphonesimulator";
				SUPPORTS_MACCATALYST = NO;
				SUPPORTS_MAC_DESIGNED_FOR_IPHONE_IPAD = NO;
				SWIFT_EMIT_LOC_STRINGS = YES;
				SWIFT_VERSION = 5.0;
				TARGETED_DEVICE_FAMILY = 1;
			};
			name = Debug;
		};
		7A1000010000000000000702 /* Release */ = {
			isa = XCBuildConfiguration;
			baseConfigurationReference = 7A2370010000000000000101 /* Runpamine.xcconfig */;
			buildSettings = {
				ASSETCATALOG_COMPILER_APPICON_NAME = AppIcon;
				ASSETCATALOG_COMPILER_GENERATE_SWIFT_ASSET_SYMBOL_EXTENSIONS = YES;
				CODE_SIGN_ENTITLEMENTS = Runpamine.entitlements;
				CODE_SIGN_STYLE = Automatic;
				CURRENT_PROJECT_VERSION = 1;
				DEVELOPMENT_ASSET_PATHS = "";
				DEVELOPMENT_TEAM = 5XL9G5DWBD;
				ENABLE_PREVIEWS = YES;
				GENERATE_INFOPLIST_FILE = NO;
				INFOPLIST_FILE = Info.plist;
				INFOPLIST_KEY_CFBundleDisplayName = Runpamine;
				IPHONEOS_DEPLOYMENT_TARGET = 17.0;
				LD_RUNPATH_SEARCH_PATHS = (
					"$(inherited)",
					"@executable_path/Frameworks",
				);
				MARKETING_VERSION = 1.0;
				PRODUCT_BUNDLE_IDENTIFIER = com.runpamine.app;
				PRODUCT_NAME = "$(TARGET_NAME)";
				SDKROOT = iphoneos;
				SUPPORTED_PLATFORMS = "iphoneos iphonesimulator";
				SUPPORTS_MACCATALYST = NO;
				SUPPORTS_MAC_DESIGNED_FOR_IPHONE_IPAD = NO;
				SWIFT_EMIT_LOC_STRINGS = YES;
				SWIFT_VERSION = 5.0;
				TARGETED_DEVICE_FAMILY = 1;
			};
			name = Release;
		};
/* End XCBuildConfiguration section */

/* Begin XCConfigurationList section */
		7A1000010000000000000801 /* Build configuration list for PBXProject "Runpamine" */ = {
			isa = XCConfigurationList;
			buildConfigurations = (
				7A1000010000000000000601 /* Debug */,
				7A1000010000000000000602 /* Release */,
			);
			defaultConfigurationIsVisible = 0;
			defaultConfigurationName = Release;
		};
		7A1000010000000000000802 /* Build configuration list for PBXNativeTarget "Runpamine" */ = {
			isa = XCConfigurationList;
			buildConfigurations = (
				7A1000010000000000000701 /* Debug */,
				7A1000010000000000000702 /* Release */,
			);
			defaultConfigurationIsVisible = 0;
			defaultConfigurationName = Release;
		};
/* End XCConfigurationList section */

/* Begin XCRemoteSwiftPackageReference section */
		7A1000010000000000000902 /* XCRemoteSwiftPackageReference "supabase-swift" */ = {
			isa = XCRemoteSwiftPackageReference;
			repositoryURL = "https://github.com/supabase/supabase-swift.git";
			requirement = {
				kind = upToNextMajorVersion;
				minimumVersion = 2.46.0;
			};
		};
		7A1000010000000000000904 /* XCRemoteSwiftPackageReference "GoogleSignIn-iOS" */ = {
			isa = XCRemoteSwiftPackageReference;
			repositoryURL = "https://github.com/google/GoogleSignIn-iOS.git";
			requirement = {
				kind = upToNextMajorVersion;
				minimumVersion = 9.1.0;
			};
		};
		7A1350010000000000000902 /* XCRemoteSwiftPackageReference "lottie-spm" */ = {
			isa = XCRemoteSwiftPackageReference;
			repositoryURL = "https://github.com/airbnb/lottie-spm.git";
			requirement = {
				kind = upToNextMajorVersion;
				minimumVersion = 4.6.0;
			};
		};
/* End XCRemoteSwiftPackageReference section */

/* Begin XCSwiftPackageProductDependency section */
		7A1000010000000000000901 /* Supabase */ = {
			isa = XCSwiftPackageProductDependency;
			package = 7A1000010000000000000902 /* XCRemoteSwiftPackageReference "supabase-swift" */;
			productName = Supabase;
		};
		7A1000010000000000000903 /* GoogleSignIn */ = {
			isa = XCSwiftPackageProductDependency;
			package = 7A1000010000000000000904 /* XCRemoteSwiftPackageReference "GoogleSignIn-iOS" */;
			productName = GoogleSignIn;
		};
		7A1350010000000000000901 /* Lottie */ = {
			isa = XCSwiftPackageProductDependency;
			package = 7A1350010000000000000902 /* XCRemoteSwiftPackageReference "lottie-spm" */;
			productName = Lottie;
		};
/* End XCSwiftPackageProductDependency section */
	};
	rootObject = 7A1000010000000000000501 /* Project object */;
}
